
Microsoft Visual Studio Solution File, Format Version 12.00
# Visual Studio Version 17
VisualStudioVersion = 17.7.34202.233
MinimumVisualStudioVersion = 10.0.40219.1
Project("{FAE04EC0-301F-11D3-BF4B-00C04F79EFBC}") = "RestoShared", "RestoShared\RestoShared.csproj", "{B14A69A4-C037-4C19-B176-C75F66F0B33E}"
EndProject
Project("{FAE04EC0-301F-11D3-BF4B-00C04F79EFBC}") = "RestoService", "RestoService\RestoService.csproj", "{96239061-6B33-4AE7-8692-3F551D9ECE2B}"
EndProject
Global
	GlobalSection(SolutionConfigurationPlatforms) = preSolution
		Debug|Any CPU = Debug|Any CPU
		Release|Any CPU = Release|Any CPU
	EndGlobalSection
	GlobalSection(ProjectConfigurationPlatforms) = postSolution
		{B14A69A4-C037-4C19-B176-C75F66F0B33E}.Debug|Any CPU.ActiveCfg = Debug|Any CPU
		{B14A69A4-C037-4C19-B176-C75F66F0B33E}.Debug|Any CPU.Build.0 = Debug|Any CPU
		{B14A69A4-C037-4C19-B176-C75F66F0B33E}.Release|Any CPU.ActiveCfg = Release|Any CPU
		{B14A69A4-C037-4C19-B176-C75F66F0B33E}.Release|Any CPU.Build.0 = Release|Any CPU
		{96239061-6B33-4AE7-8692-3F551D9ECE2B}.Debug|Any CPU.ActiveCfg = Debug|Any CPU
		{96239061-6B33-4AE7-8692-3F551D9ECE2B}.Debug|Any CPU.Build.0 = Debug|Any CPU
		{96239061-6B33-4AE7-8692-3F551D9ECE2B}.Release|Any CPU.ActiveCfg = Release|Any CPU
		{96239061-6B33-4AE7-8692-3F551D9ECE2B}.Release|Any CPU.Build.0 = Release|Any CPU
	EndGlobalSection
	GlobalSection(SolutionProperties) = preSolution
		HideSolutionNode = FALSE
	EndGlobalSection
	GlobalSection(ExtensibilityGlobals) = postSolution
		SolutionGuid = {29D3F604-862A-4A35-B73C-D4AD8639A23B}
	EndGlobalSection
EndGlobal
